
Microsoft Visual Studio Solution File, Format Version 12.00
# Visual Studio Version 16
VisualStudioVersion = 16.0.33801.447
MinimumVisualStudioVersion = 10.0.40219.1
Project("{FAE04EC0-301F-11D3-BF4B-00C04F79EFBC}") = "MaquinaDeTuring", "MaquinaDeTuring\MaquinaDeTuring.csproj", "{8971A77A-6148-4E68-8953-E5E15EFD8EBA}"
EndProject
Global
	GlobalSection(SolutionConfigurationPlatforms) = preSolution
		Debug|Any CPU = Debug|Any CPU
		Release|Any CPU = Release|Any CPU
	EndGlobalSection
	GlobalSection(ProjectConfigurationPlatforms) = postSolution
		{8971A77A-6148-4E68-8953-E5E15EFD8EBA}.Debug|Any CPU.ActiveCfg = Debug|Any CPU
		{8971A77A-6148-4E68-8953-E5E15EFD8EBA}.Debug|Any CPU.Build.0 = Debug|Any CPU
		{8971A77A-6148-4E68-8953-E5E15EFD8EBA}.Release|Any CPU.ActiveCfg = Release|Any CPU
		{8971A77A-6148-4E68-8953-E5E15EFD8EBA}.Release|Any CPU.Build.0 = Release|Any CPU
	EndGlobalSection
	GlobalSection(SolutionProperties) = preSolution
		HideSolutionNode = FALSE
	EndGlobalSection
	GlobalSection(ExtensibilityGlobals) = postSolution
		SolutionGuid = {C6A41BCC-F196-4055-8569-E005D3C4C941}
	EndGlobalSection
EndGlobal
