
Microsoft Visual Studio Solution File, Format Version 12.00
# Visual Studio Version 16
VisualStudioVersion = 16.0.33801.447
MinimumVisualStudioVersion = 10.0.40219.1
Project("{FAE04EC0-301F-11D3-BF4B-00C04F79EFBC}") = "TestarTuring", "TestarTuring\TestarTuring.csproj", "{A79C9818-EDDB-46AF-9F77-D7930FA91CB5}"
EndProject
Global
	GlobalSection(SolutionConfigurationPlatforms) = preSolution
		Debug|Any CPU = Debug|Any CPU
		Release|Any CPU = Release|Any CPU
	EndGlobalSection
	GlobalSection(ProjectConfigurationPlatforms) = postSolution
		{A79C9818-EDDB-46AF-9F77-D7930FA91CB5}.Debug|Any CPU.ActiveCfg = Debug|Any CPU
		{A79C9818-EDDB-46AF-9F77-D7930FA91CB5}.Debug|Any CPU.Build.0 = Debug|Any CPU
		{A79C9818-EDDB-46AF-9F77-D7930FA91CB5}.Release|Any CPU.ActiveCfg = Release|Any CPU
		{A79C9818-EDDB-46AF-9F77-D7930FA91CB5}.Release|Any CPU.Build.0 = Release|Any CPU
	EndGlobalSection
	GlobalSection(SolutionProperties) = preSolution
		HideSolutionNode = FALSE
	EndGlobalSection
	GlobalSection(ExtensibilityGlobals) = postSolution
		SolutionGuid = {7186CEBB-E46C-4AB4-8652-FD862E37F7C0}
	EndGlobalSection
EndGlobal
